<Solution>
  <Project Path="TheBlock.Api/TheBlock.Api.csproj" />
  <Project Path="TheBlock.Application/TheBlock.Application.csproj" />
  <Project Path="TheBlock.Data/TheBlock.Data.csproj" />
  <Project Path="TheBlock.Domain/TheBlock.Domain.csproj" />
  <Project Path="TheBlock.Infrastructure/TheBlock.Infrastructure.csproj" />
  <Project Path="TheBlock.Tests/TheBlock.Tests.csproj" />
</Solution>
