<Solution>
  <Project Path="TheYard.Api/TheYard.Api.csproj" />
  <Project Path="TheYard.Application/TheYard.Application.csproj" />
  <Project Path="TheYard.Data/TheYard.Data.csproj" />
  <Project Path="TheYard.Domain/TheYard.Domain.csproj" />
  <Project Path="TheYard.Infrastructure/TheYard.Infrastructure.csproj" />
  <Project Path="TheYard.Database/TheYard.Database.sqlproj" />
  <Project Path="TheYard.Migrations.Sqlite/TheYard.Migrations.Sqlite.csproj" />
  <Project Path="TheYard.Tests/TheYard.Tests.csproj" />
</Solution>
